{
  "nodes": {
    "nixpkgs": {
      "locked": {
        "lastModified": 1667821506,
        "narHash": "sha256-u4HKBBfTOPpFsGnM7sjS0+F67Hmf2or3uHKNVxXZtiM=",
        "owner": "NixOS",
        "repo": "nixpkgs",
        "rev": "ebf65554b18ee053311f43e5faa5a3f36626c52e",
        "type": "github"
      },
      "original": {
        "owner": "NixOS",
        "ref": "nixos-22.05",
        "repo": "nixpkgs",
        "type": "github"
      }
    },
    "root": {
      "inputs": {
        "nixpkgs": "nixpkgs"
      }
    }
  },
  "root": "root",
  "version": 7
}
